
Microsoft Visual Studio Solution File, Format Version 12.00
# Visual Studio Version 17
VisualStudioVersion = 17.0.31903.59
MinimumVisualStudioVersion = 10.0.40219.1
Project("{FAE04EC0-301F-11D3-BF4B-00C04F79EFBC}") = "BBBQueueReceiver", "BBBQueueReceiver.csproj", "{B8D41657-4455-4296-A385-043D1BC03D7D}"
EndProject
Global
	GlobalSection(SolutionConfigurationPlatforms) = preSolution
		Debug|Any CPU = Debug|Any CPU
		Release|Any CPU = Release|Any CPU
	EndGlobalSection
	GlobalSection(ProjectConfigurationPlatforms) = postSolution
		{B8D41657-4455-4296-A385-043D1BC03D7D}.Debug|Any CPU.ActiveCfg = Debug|Any CPU
		{B8D41657-4455-4296-A385-043D1BC03D7D}.Debug|Any CPU.Build.0 = Debug|Any CPU
		{B8D41657-4455-4296-A385-043D1BC03D7D}.Release|Any CPU.ActiveCfg = Release|Any CPU
		{B8D41657-4455-4296-A385-043D1BC03D7D}.Release|Any CPU.Build.0 = Release|Any CPU
	EndGlobalSection
	GlobalSection(SolutionProperties) = preSolution
		HideSolutionNode = FALSE
	EndGlobalSection
	GlobalSection(ExtensibilityGlobals) = postSolution
		SolutionGuid = {29A11A2E-DC2F-4857-90AF-E77B4EAA632B}
	EndGlobalSection
EndGlobal
